
Microsoft Visual Studio Solution File, Format Version 11.00
# Visual Studio 2010
Project("{FAE04EC0-301F-11D3-BF4B-00C04F79EFBC}") = "Assembly-CSharp", "Assembly-CSharp.csproj", "{CCF4FB7A-83C8-7F25-071C-D665E21F4369}"
EndProject
Global
	GlobalSection(SolutionConfigurationPlatforms) = preSolution
		Debug|Any CPU = Debug|Any CPU
		Release|Any CPU = Release|Any CPU
	EndGlobalSection
	GlobalSection(ProjectConfigurationPlatforms) = postSolution
		{CCF4FB7A-83C8-7F25-071C-D665E21F4369}.Debug|Any CPU.ActiveCfg = Debug|Any CPU
		{CCF4FB7A-83C8-7F25-071C-D665E21F4369}.Debug|Any CPU.Build.0 = Debug|Any CPU
		{CCF4FB7A-83C8-7F25-071C-D665E21F4369}.Release|Any CPU.ActiveCfg = Release|Any CPU
		{CCF4FB7A-83C8-7F25-071C-D665E21F4369}.Release|Any CPU.Build.0 = Release|Any CPU
	EndGlobalSection
	GlobalSection(SolutionProperties) = preSolution
		HideSolutionNode = FALSE
	EndGlobalSection
EndGlobal
